
Microsoft Visual Studio Solution File, Format Version 12.00
# Visual Studio Version 17
VisualStudioVersion = 17.0.31903.59
MinimumVisualStudioVersion = 10.0.40219.1
Project("{9A19103F-16F7-4668-BE54-9A1E7A4F7556}") = "AspireInTheBelly.AppHost", "src\AspireInTheBelly.AppHost\AspireInTheBelly.AppHost.csproj", "{B9EC9E22-7BDF-419E-909A-3A3770DF46AA}"
EndProject
Project("{9A19103F-16F7-4668-BE54-9A1E7A4F7556}") = "AspireInTheBelly.ServiceDefaults", "src\AspireInTheBelly.ServiceDefaults\AspireInTheBelly.ServiceDefaults.csproj", "{E3073B8F-55AD-493A-9F45-AF9A2EE9FECF}"
EndProject
Project("{9A19103F-16F7-4668-BE54-9A1E7A4F7556}") = "AspireInTheBelly.ApiService", "src\AspireInTheBelly.ApiService\AspireInTheBelly.ApiService.csproj", "{DC089616-F36E-4C45-A610-6E8EDF198EB9}"
EndProject
Project("{9A19103F-16F7-4668-BE54-9A1E7A4F7556}") = "AspireInTheBelly.Web", "src\AspireInTheBelly.Web\AspireInTheBelly.Web.csproj", "{7B17B3BA-B4CF-4F61-BE6D-2B8EE938D459}"
EndProject
Project("{9A19103F-16F7-4668-BE54-9A1E7A4F7556}") = "AspireInTheBelly.Tests", "test\AspireInTheBelly.Tests\AspireInTheBelly.Tests.csproj", "{E0C1C163-E542-4E8A-A32E-A6E8F8E69706}"
EndProject
Project("{2150E333-8FDC-42A3-9474-1A3956D46DE8}") = "src", "src", "{9EB3BA12-03E3-4F2F-BE6C-D96D1FC54E51}"
EndProject
Project("{2150E333-8FDC-42A3-9474-1A3956D46DE8}") = "test", "test", "{87DFD1C8-D8B5-47DD-8566-1516CB8DF426}"
EndProject
Project("{FAE04EC0-301F-11D3-BF4B-00C04F79EFBC}") = "AspireInTheBelly.WorkerService", "src\AspireInTheBelly.WorkerService\AspireInTheBelly.WorkerService.csproj", "{E4806C42-BA15-4E68-8665-076212071F9C}"
EndProject
Global
	GlobalSection(SolutionConfigurationPlatforms) = preSolution
		Debug|Any CPU = Debug|Any CPU
		Release|Any CPU = Release|Any CPU
	EndGlobalSection
	GlobalSection(ProjectConfigurationPlatforms) = postSolution
		{B9EC9E22-7BDF-419E-909A-3A3770DF46AA}.Debug|Any CPU.ActiveCfg = Debug|Any CPU
		{B9EC9E22-7BDF-419E-909A-3A3770DF46AA}.Debug|Any CPU.Build.0 = Debug|Any CPU
		{B9EC9E22-7BDF-419E-909A-3A3770DF46AA}.Release|Any CPU.ActiveCfg = Release|Any CPU
		{B9EC9E22-7BDF-419E-909A-3A3770DF46AA}.Release|Any CPU.Build.0 = Release|Any CPU
		{E3073B8F-55AD-493A-9F45-AF9A2EE9FECF}.Debug|Any CPU.ActiveCfg = Debug|Any CPU
		{E3073B8F-55AD-493A-9F45-AF9A2EE9FECF}.Debug|Any CPU.Build.0 = Debug|Any CPU
		{E3073B8F-55AD-493A-9F45-AF9A2EE9FECF}.Release|Any CPU.ActiveCfg = Release|Any CPU
		{E3073B8F-55AD-493A-9F45-AF9A2EE9FECF}.Release|Any CPU.Build.0 = Release|Any CPU
		{DC089616-F36E-4C45-A610-6E8EDF198EB9}.Debug|Any CPU.ActiveCfg = Debug|Any CPU
		{DC089616-F36E-4C45-A610-6E8EDF198EB9}.Debug|Any CPU.Build.0 = Debug|Any CPU
		{DC089616-F36E-4C45-A610-6E8EDF198EB9}.Release|Any CPU.ActiveCfg = Release|Any CPU
		{DC089616-F36E-4C45-A610-6E8EDF198EB9}.Release|Any CPU.Build.0 = Release|Any CPU
		{7B17B3BA-B4CF-4F61-BE6D-2B8EE938D459}.Debug|Any CPU.ActiveCfg = Debug|Any CPU
		{7B17B3BA-B4CF-4F61-BE6D-2B8EE938D459}.Debug|Any CPU.Build.0 = Debug|Any CPU
		{7B17B3BA-B4CF-4F61-BE6D-2B8EE938D459}.Release|Any CPU.ActiveCfg = Release|Any CPU
		{7B17B3BA-B4CF-4F61-BE6D-2B8EE938D459}.Release|Any CPU.Build.0 = Release|Any CPU
		{E0C1C163-E542-4E8A-A32E-A6E8F8E69706}.Debug|Any CPU.ActiveCfg = Debug|Any CPU
		{E0C1C163-E542-4E8A-A32E-A6E8F8E69706}.Debug|Any CPU.Build.0 = Debug|Any CPU
		{E0C1C163-E542-4E8A-A32E-A6E8F8E69706}.Release|Any CPU.ActiveCfg = Release|Any CPU
		{E0C1C163-E542-4E8A-A32E-A6E8F8E69706}.Release|Any CPU.Build.0 = Release|Any CPU
		{E4806C42-BA15-4E68-8665-076212071F9C}.Debug|Any CPU.ActiveCfg = Debug|Any CPU
		{E4806C42-BA15-4E68-8665-076212071F9C}.Debug|Any CPU.Build.0 = Debug|Any CPU
		{E4806C42-BA15-4E68-8665-076212071F9C}.Release|Any CPU.ActiveCfg = Release|Any CPU
		{E4806C42-BA15-4E68-8665-076212071F9C}.Release|Any CPU.Build.0 = Release|Any CPU
	EndGlobalSection
	GlobalSection(SolutionProperties) = preSolution
		HideSolutionNode = FALSE
	EndGlobalSection
	GlobalSection(NestedProjects) = preSolution
		{B9EC9E22-7BDF-419E-909A-3A3770DF46AA} = {9EB3BA12-03E3-4F2F-BE6C-D96D1FC54E51}
		{E3073B8F-55AD-493A-9F45-AF9A2EE9FECF} = {9EB3BA12-03E3-4F2F-BE6C-D96D1FC54E51}
		{DC089616-F36E-4C45-A610-6E8EDF198EB9} = {9EB3BA12-03E3-4F2F-BE6C-D96D1FC54E51}
		{7B17B3BA-B4CF-4F61-BE6D-2B8EE938D459} = {9EB3BA12-03E3-4F2F-BE6C-D96D1FC54E51}
		{E0C1C163-E542-4E8A-A32E-A6E8F8E69706} = {87DFD1C8-D8B5-47DD-8566-1516CB8DF426}
		{E4806C42-BA15-4E68-8665-076212071F9C} = {9EB3BA12-03E3-4F2F-BE6C-D96D1FC54E51}
	EndGlobalSection
	GlobalSection(ExtensibilityGlobals) = postSolution
		SolutionGuid = {C0844F1F-6D2F-4E70-962A-FFC3A9346890}
	EndGlobalSection
EndGlobal
